// !$*UTF8*$!
{
	archiveVersion = 1;
	classes = {
	};
	objectVersion = 56;
	objects = {

/* Begin PBXBuildFile section */
		E856A1E12BFB8B3F00DD6533 /* AppDelegate.swift in Sources */ = {isa = PBXBuildFile; fileRef = E856A1E02BFB8B3F00DD6533 /* AppDelegate.swift */; };
		E856A1E32BFB8B3F00DD6533 /* SceneDelegate.swift in Sources */ = {isa = PBXBuildFile; fileRef = E856A1E22BFB8B3F00DD6533 /* SceneDelegate.swift */; };
		E856A1E52BFB8B3F00DD6533 /* BooksViewController.swift in Sources */ = {isa = PBXBuildFile; fileRef = E856A1E42BFB8B3F00DD6533 /* BooksViewController.swift */; };
		E856A1EA2BFB8B4100DD6533 /* Assets.xcassets in Resources */ = {isa = PBXBuildFile; fileRef = E856A1E92BFB8B4100DD6533 /* Assets.xcassets */; };
		E856A1ED2BFB8B4100DD6533 /* Base in Resources */ = {isa = PBXBuildFile; fileRef = E856A1EC2BFB8B4100DD6533 /* Base */; };
		E856A1F52BFB8C9600DD6533 /* Book.swift in Sources */ = {isa = PBXBuildFile; fileRef = E856A1F42BFB8C9600DD6533 /* Book.swift */; };
		E856A1F72BFB926700DD6533 /* BookCollectionCell.swift in Sources */ = {isa = PBXBuildFile; fileRef = E856A1F62BFB926700DD6533 /* BookCollectionCell.swift */; };
		E856A1F92BFC13F400DD6533 /* CartViewController.swift in Sources */ = {isa = PBXBuildFile; fileRef = E856A1F82BFC13F400DD6533 /* CartViewController.swift */; };
		E856A1FB2BFC17F900DD6533 /* CartPanelView.swift in Sources */ = {isa = PBXBuildFile; fileRef = E856A1FA2BFC17F900DD6533 /* CartPanelView.swift */; };
		E856A1FD2BFC28E000DD6533 /* SignInViewController.swift in Sources */ = {isa = PBXBuildFile; fileRef = E856A1FC2BFC28E000DD6533 /* SignInViewController.swift */; };
/* End PBXBuildFile section */

/* Begin PBXFileReference section */
		E856A1DD2BFB8B3F00DD6533 /* Store.app */ = {isa = PBXFileReference; explicitFileType = wrapper.application; includeInIndex = 0; path = Store.app; sourceTree = BUILT_PRODUCTS_DIR; };
		E856A1E02BFB8B3F00DD6533 /* AppDelegate.swift */ = {isa = PBXFileReference; lastKnownFileType = sourcecode.swift; path = AppDelegate.swift; sourceTree = "<group>"; };
		E856A1E22BFB8B3F00DD6533 /* SceneDelegate.swift */ = {isa = PBXFileReference; lastKnownFileType = sourcecode.swift; path = SceneDelegate.swift; sourceTree = "<group>"; };
		E856A1E42BFB8B3F00DD6533 /* BooksViewController.swift */ = {isa = PBXFileReference; lastKnownFileType = sourcecode.swift; path = BooksViewController.swift; sourceTree = "<group>"; };
		E856A1E92BFB8B4100DD6533 /* Assets.xcassets */ = {isa = PBXFileReference; lastKnownFileType = folder.assetcatalog; path = Assets.xcassets; sourceTree = "<group>"; };
		E856A1EC2BFB8B4100DD6533 /* Base */ = {isa = PBXFileReference; lastKnownFileType = file.storyboard; name = Base; path = Base.lproj/LaunchScreen.storyboard; sourceTree = "<group>"; };
		E856A1EE2BFB8B4100DD6533 /* Info.plist */ = {isa = PBXFileReference; lastKnownFileType = text.plist.xml; path = Info.plist; sourceTree = "<group>"; };
		E856A1F42BFB8C9600DD6533 /* Book.swift */ = {isa = PBXFileReference; lastKnownFileType = sourcecode.swift; path = Book.swift; sourceTree = "<group>"; };
		E856A1F62BFB926700DD6533 /* BookCollectionCell.swift */ = {isa = PBXFileReference; lastKnownFileType = sourcecode.swift; path = BookCollectionCell.swift; sourceTree = "<group>"; };
		E856A1F82BFC13F400DD6533 /* CartViewController.swift */ = {isa = PBXFileReference; lastKnownFileType = sourcecode.swift; path = CartViewController.swift; sourceTree = "<group>"; };
		E856A1FA2BFC17F900DD6533 /* CartPanelView.swift */ = {isa = PBXFileReference; lastKnownFileType = sourcecode.swift; path = CartPanelView.swift; sourceTree = "<group>"; };
		E856A1FC2BFC28E000DD6533 /* SignInViewController.swift */ = {isa = PBXFileReference; lastKnownFileType = sourcecode.swift; path = SignInViewController.swift; sourceTree = "<group>"; };
		E856A1FE2BFC311300DD6533 /* README.md */ = {isa = PBXFileReference; lastKnownFileType = net.daringfireball.markdown; path = README.md; sourceTree = "<group>"; };
		E856A1FF2BFC313800DD6533 /* Login.png */ = {isa = PBXFileReference; lastKnownFileType = image.png; path = Login.png; sourceTree = "<group>"; };
		E856A2002BFC313800DD6533 /* Chart.png */ = {isa = PBXFileReference; lastKnownFileType = image.png; path = Chart.png; sourceTree = "<group>"; };
		E856A2012BFC313800DD6533 /* Books.png */ = {isa = PBXFileReference; lastKnownFileType = image.png; path = Books.png; sourceTree = "<group>"; };
/* End PBXFileReference section */

/* Begin PBXFrameworksBuildPhase section */
		E856A1DA2BFB8B3F00DD6533 /* Frameworks */ = {
			isa = PBXFrameworksBuildPhase;
			buildActionMask = 2147483647;
			files = (
			);
			runOnlyForDeploymentPostprocessing = 0;
		};
/* End PBXFrameworksBuildPhase section */

/* Begin PBXGroup section */
		E856A1D42BFB8B3F00DD6533 = {
			isa = PBXGroup;
			children = (
				E856A1FE2BFC311300DD6533 /* README.md */,
				E856A2012BFC313800DD6533 /* Books.png */,
				E856A2002BFC313800DD6533 /* Chart.png */,
				E856A1FF2BFC313800DD6533 /* Login.png */,
				E856A1DF2BFB8B3F00DD6533 /* Store */,
				E856A1DE2BFB8B3F00DD6533 /* Products */,
			);
			sourceTree = "<group>";
		};
		E856A1DE2BFB8B3F00DD6533 /* Products */ = {
			isa = PBXGroup;
			children = (
				E856A1DD2BFB8B3F00DD6533 /* Store.app */,
			);
			name = Products;
			sourceTree = "<group>";
		};
		E856A1DF2BFB8B3F00DD6533 /* Store */ = {
			isa = PBXGroup;
			children = (
				E856A1E02BFB8B3F00DD6533 /* AppDelegate.swift */,
				E856A1E22BFB8B3F00DD6533 /* SceneDelegate.swift */,
				E856A1E42BFB8B3F00DD6533 /* BooksViewController.swift */,
				E856A1F82BFC13F400DD6533 /* CartViewController.swift */,
				E856A1FC2BFC28E000DD6533 /* SignInViewController.swift */,
				E856A1F62BFB926700DD6533 /* BookCollectionCell.swift */,
				E856A1FA2BFC17F900DD6533 /* CartPanelView.swift */,
				E856A1F42BFB8C9600DD6533 /* Book.swift */,
				E856A1E92BFB8B4100DD6533 /* Assets.xcassets */,
				E856A1EB2BFB8B4100DD6533 /* LaunchScreen.storyboard */,
				E856A1EE2BFB8B4100DD6533 /* Info.plist */,
			);
			path = Store;
			sourceTree = "<group>";
		};
/* End PBXGroup section */

/* Begin PBXNativeTarget section */
		E856A1DC2BFB8B3F00DD6533 /* Store */ = {
			isa = PBXNativeTarget;
			buildConfigurationList = E856A1F12BFB8B4100DD6533 /* Build configuration list for PBXNativeTarget "Store" */;
			buildPhases = (
				E856A1D92BFB8B3F00DD6533 /* Sources */,
				E856A1DA2BFB8B3F00DD6533 /* Frameworks */,
				E856A1DB2BFB8B3F00DD6533 /* Resources */,
			);
			buildRules = (
			);
			dependencies = (
			);
			name = Store;
			productName = Store;
			productReference = E856A1DD2BFB8B3F00DD6533 /* Store.app */;
			productType = "com.apple.product-type.application";
		};
/* End PBXNativeTarget section */

/* Begin PBXProject section */
		E856A1D52BFB8B3F00DD6533 /* Project object */ = {
			isa = PBXProject;
			attributes = {
				BuildIndependentTargetsInParallel = 1;
				LastSwiftUpdateCheck = 1540;
				LastUpgradeCheck = 1540;
				TargetAttributes = {
					E856A1DC2BFB8B3F00DD6533 = {
						CreatedOnToolsVersion = 15.4;
					};
				};
			};
			buildConfigurationList = E856A1D82BFB8B3F00DD6533 /* Build configuration list for PBXProject "Store" */;
			compatibilityVersion = "Xcode 14.0";
			developmentRegion = en;
			hasScannedForEncodings = 0;
			knownRegions = (
				en,
				Base,
			);
			mainGroup = E856A1D42BFB8B3F00DD6533;
			productRefGroup = E856A1DE2BFB8B3F00DD6533 /* Products */;
			projectDirPath = "";
			projectRoot = "";
			targets = (
				E856A1DC2BFB8B3F00DD6533 /* Store */,
			);
		};
/* End PBXProject section */

/* Begin PBXResourcesBuildPhase section */
		E856A1DB2BFB8B3F00DD6533 /* Resources */ = {
			isa = PBXResourcesBuildPhase;
			buildActionMask = 2147483647;
			files = (
				E856A1EA2BFB8B4100DD6533 /* Assets.xcassets in Resources */,
				E856A1ED2BFB8B4100DD6533 /* Base in Resources */,
			);
			runOnlyForDeploymentPostprocessing = 0;
		};
/* End PBXResourcesBuildPhase section */

/* Begin PBXSourcesBuildPhase section */
		E856A1D92BFB8B3F00DD6533 /* Sources */ = {
			isa = PBXSourcesBuildPhase;
			buildActionMask = 2147483647;
			files = (
				E856A1F52BFB8C9600DD6533 /* Book.swift in Sources */,
				E856A1FB2BFC17F900DD6533 /* CartPanelView.swift in Sources */,
				E856A1E52BFB8B3F00DD6533 /* BooksViewController.swift in Sources */,
				E856A1F72BFB926700DD6533 /* BookCollectionCell.swift in Sources */,
				E856A1FD2BFC28E000DD6533 /* SignInViewController.swift in Sources */,
				E856A1E12BFB8B3F00DD6533 /* AppDelegate.swift in Sources */,
				E856A1F92BFC13F400DD6533 /* CartViewController.swift in Sources */,
				E856A1E32BFB8B3F00DD6533 /* SceneDelegate.swift in Sources */,
			);
			runOnlyForDeploymentPostprocessing = 0;
		};
/* End PBXSourcesBuildPhase section */

/* Begin PBXVariantGroup section */
		E856A1EB2BFB8B4100DD6533 /* LaunchScreen.storyboard */ = {
			isa = PBXVariantGroup;
			children = (
				E856A1EC2BFB8B4100DD6533 /* Base */,
			);
			name = LaunchScreen.storyboard;
			sourceTree = "<group>";
		};
/* End PBXVariantGroup section */

/* Begin XCBuildConfiguration section */
		E856A1EF2BFB8B4100DD6533 /* Debug */ = {
			isa = XCBuildConfiguration;
			buildSettings = {
				ALWAYS_SEARCH_USER_PATHS = NO;
				ASSETCATALOG_COMPILER_GENERATE_SWIFT_ASSET_SYMBOL_EXTENSIONS = YES;
				CLANG_ANALYZER_NONNULL = YES;
				CLANG_ANALYZER_NUMBER_OBJECT_CONVERSION = YES_AGGRESSIVE;
				CLANG_CXX_LANGUAGE_STANDARD = "gnu++20";
				CLANG_ENABLE_MODULES = YES;
				CLANG_ENABLE_OBJC_ARC = YES;
				CLANG_ENABLE_OBJC_WEAK = YES;
				CLANG_WARN_BLOCK_CAPTURE_AUTORELEASING = YES;
				CLANG_WARN_BOOL_CONVERSION = YES;
				CLANG_WARN_COMMA = YES;
				CLANG_WARN_CONSTANT_CONVERSION = YES;
				CLANG_WARN_DEPRECATED_OBJC_IMPLEMENTATIONS = YES;
				CLANG_WARN_DIRECT_OBJC_ISA_USAGE = YES_ERROR;
				CLANG_WARN_DOCUMENTATION_COMMENTS = YES;
				CLANG_WARN_EMPTY_BODY = YES;
				CLANG_WARN_ENUM_CONVERSION = YES;
				CLANG_WARN_INFINITE_RECURSION = YES;
				CLANG_WARN_INT_CONVERSION = YES;
				CLANG_WARN_NON_LITERAL_NULL_CONVERSION = YES;
				CLANG_WARN_OBJC_IMPLICIT_RETAIN_SELF = YES;
				CLANG_WARN_OBJC_LITERAL_CONVERSION = YES;
				CLANG_WARN_OBJC_ROOT_CLASS = YES_ERROR;
				CLANG_WARN_QUOTED_INCLUDE_IN_FRAMEWORK_HEADER = YES;
				CLANG_WARN_RANGE_LOOP_ANALYSIS = YES;
				CLANG_WARN_STRICT_PROTOTYPES = YES;
				CLANG_WARN_SUSPICIOUS_MOVE = YES;
				CLANG_WARN_UNGUARDED_AVAILABILITY = YES_AGGRESSIVE;
				CLANG_WARN_UNREACHABLE_CODE = YES;
				CLANG_WARN__DUPLICATE_METHOD_MATCH = YES;
				COPY_PHASE_STRIP = NO;
				DEBUG_INFORMATION_FORMAT = dwarf;
				ENABLE_STRICT_OBJC_MSGSEND = YES;
				ENABLE_TESTABILITY = YES;
				ENABLE_USER_SCRIPT_SANDBOXING = YES;
				GCC_C_LANGUAGE_STANDARD = gnu17;
				GCC_DYNAMIC_NO_PIC = NO;
				GCC_NO_COMMON_BLOCKS = YES;
				GCC_OPTIMIZATION_LEVEL = 0;
				GCC_PREPROCESSOR_DEFINITIONS = (
					"DEBUG=1",
					"$(inherited)",
				);
				GCC_WARN_64_TO_32_BIT_CONVERSION = YES;
				GCC_WARN_ABOUT_RETURN_TYPE = YES_ERROR;
				GCC_WARN_UNDECLARED_SELECTOR = YES;
				GCC_WARN_UNINITIALIZED_AUTOS = YES_AGGRESSIVE;
				GCC_WARN_UNUSED_FUNCTION = YES;
				GCC_WARN_UNUSED_VARIABLE = YES;
				IPHONEOS_DEPLOYMENT_TARGET = 17.5;
				LOCALIZATION_PREFERS_STRING_CATALOGS = YES;
				MTL_ENABLE_DEBUG_INFO = INCLUDE_SOURCE;
				MTL_FAST_MATH = YES;
				ONLY_ACTIVE_ARCH = YES;
				SDKROOT = iphoneos;
				SWIFT_ACTIVE_COMPILATION_CONDITIONS = "DEBUG $(inherited)";
				SWIFT_OPTIMIZATION_LEVEL = "-Onone";
			};
			name = Debug;
		};
		E856A1F02BFB8B4100DD6533 /* Release */ = {
			isa = XCBuildConfiguration;
			buildSettings = {
				ALWAYS_SEARCH_USER_PATHS = NO;
				ASSETCATALOG_COMPILER_GENERATE_SWIFT_ASSET_SYMBOL_EXTENSIONS = YES;
				CLANG_ANALYZER_NONNULL = YES;
				CLANG_ANALYZER_NUMBER_OBJECT_CONVERSION = YES_AGGRESSIVE;
				CLANG_CXX_LANGUAGE_STANDARD = "gnu++20";
				CLANG_ENABLE_MODULES = YES;
				CLANG_ENABLE_OBJC_ARC = YES;
				CLANG_ENABLE_OBJC_WEAK = YES;
				CLANG_WARN_BLOCK_CAPTURE_AUTORELEASING = YES;
				CLANG_WARN_BOOL_CONVERSION = YES;
				CLANG_WARN_COMMA = YES;
				CLANG_WARN_CONSTANT_CONVERSION = YES;
				CLANG_WARN_DEPRECATED_OBJC_IMPLEMENTATIONS = YES;
				CLANG_WARN_DIRECT_OBJC_ISA_USAGE = YES_ERROR;
				CLANG_WARN_DOCUMENTATION_COMMENTS = YES;
				CLANG_WARN_EMPTY_BODY = YES;
				CLANG_WARN_ENUM_CONVERSION = YES;
				CLANG_WARN_INFINITE_RECURSION = YES;
				CLANG_WARN_INT_CONVERSION = YES;
				CLANG_WARN_NON_LITERAL_NULL_CONVERSION = YES;
				CLANG_WARN_OBJC_IMPLICIT_RETAIN_SELF = YES;
				CLANG_WARN_OBJC_LITERAL_CONVERSION = YES;
				CLANG_WARN_OBJC_ROOT_CLASS = YES_ERROR;
				CLANG_WARN_QUOTED_INCLUDE_IN_FRAMEWORK_HEADER = YES;
				CLANG_WARN_RANGE_LOOP_ANALYSIS = YES;
				CLANG_WARN_STRICT_PROTOTYPES = YES;
				CLANG_WARN_SUSPICIOUS_MOVE = YES;
				CLANG_WARN_UNGUARDED_AVAILABILITY = YES_AGGRESSIVE;
				CLANG_WARN_UNREACHABLE_CODE = YES;
				CLANG_WARN__DUPLICATE_METHOD_MATCH = YES;
				COPY_PHASE_STRIP = NO;
				DEBUG_INFORMATION_FORMAT = "dwarf-with-dsym";
				ENABLE_NS_ASSERTIONS = NO;
				ENABLE_STRICT_OBJC_MSGSEND = YES;
				ENABLE_USER_SCRIPT_SANDBOXING = YES;
				GCC_C_LANGUAGE_STANDARD = gnu17;
				GCC_NO_COMMON_BLOCKS = YES;
				GCC_WARN_64_TO_32_BIT_CONVERSION = YES;
				GCC_WARN_ABOUT_RETURN_TYPE = YES_ERROR;
				GCC_WARN_UNDECLARED_SELECTOR = YES;
				GCC_WARN_UNINITIALIZED_AUTOS = YES_AGGRESSIVE;
				GCC_WARN_UNUSED_FUNCTION = YES;
				GCC_WARN_UNUSED_VARIABLE = YES;
				IPHONEOS_DEPLOYMENT_TARGET = 17.5;
				LOCALIZATION_PREFERS_STRING_CATALOGS = YES;
				MTL_ENABLE_DEBUG_INFO = NO;
				MTL_FAST_MATH = YES;
				SDKROOT = iphoneos;
				SWIFT_COMPILATION_MODE = wholemodule;
				VALIDATE_PRODUCT = YES;
			};
			name = Release;
		};
		E856A1F22BFB8B4100DD6533 /* Debug */ = {
			isa = XCBuildConfiguration;
			buildSettings = {
				ASSETCATALOG_COMPILER_APPICON_NAME = AppIcon;
				ASSETCATALOG_COMPILER_GLOBAL_ACCENT_COLOR_NAME = AccentColor;
				CODE_SIGN_STYLE = Automatic;
				CURRENT_PROJECT_VERSION = 1;
				DEVELOPMENT_TEAM = 723HTEFHBA;
				GENERATE_INFOPLIST_FILE = YES;
				INFOPLIST_FILE = Store/Info.plist;
				INFOPLIST_KEY_UIApplicationSupportsIndirectInputEvents = YES;
				INFOPLIST_KEY_UILaunchStoryboardName = LaunchScreen;
				INFOPLIST_KEY_UISupportedInterfaceOrientations_iPad = "UIInterfaceOrientationPortrait UIInterfaceOrientationPortraitUpsideDown UIInterfaceOrientationLandscapeLeft UIInterfaceOrientationLandscapeRight";
				INFOPLIST_KEY_UISupportedInterfaceOrientations_iPhone = "UIInterfaceOrientationPortrait UIInterfaceOrientationLandscapeLeft UIInterfaceOrientationLandscapeRight";
				LD_RUNPATH_SEARCH_PATHS = (
					"$(inherited)",
					"@executable_path/Frameworks",
				);
				MARKETING_VERSION = 1.0;
				PRODUCT_BUNDLE_IDENTIFIER = ru.fibeapp.Store;
				PRODUCT_NAME = "$(TARGET_NAME)";
				SWIFT_EMIT_LOC_STRINGS = YES;
				SWIFT_VERSION = 5.0;
				TARGETED_DEVICE_FAMILY = "1,2";
			};
			name = Debug;
		};
		E856A1F32BFB8B4100DD6533 /* Release */ = {
			isa = XCBuildConfiguration;
			buildSettings = {
				ASSETCATALOG_COMPILER_APPICON_NAME = AppIcon;
				ASSETCATALOG_COMPILER_GLOBAL_ACCENT_COLOR_NAME = AccentColor;
				CODE_SIGN_STYLE = Automatic;
				CURRENT_PROJECT_VERSION = 1;
				DEVELOPMENT_TEAM = 723HTEFHBA;
				GENERATE_INFOPLIST_FILE = YES;
				INFOPLIST_FILE = Store/Info.plist;
				INFOPLIST_KEY_UIApplicationSupportsIndirectInputEvents = YES;
				INFOPLIST_KEY_UILaunchStoryboardName = LaunchScreen;
				INFOPLIST_KEY_UISupportedInterfaceOrientations_iPad = "UIInterfaceOrientationPortrait UIInterfaceOrientationPortraitUpsideDown UIInterfaceOrientationLandscapeLeft UIInterfaceOrientationLandscapeRight";
				INFOPLIST_KEY_UISupportedInterfaceOrientations_iPhone = "UIInterfaceOrientationPortrait UIInterfaceOrientationLandscapeLeft UIInterfaceOrientationLandscapeRight";
				LD_RUNPATH_SEARCH_PATHS = (
					"$(inherited)",
					"@executable_path/Frameworks",
				);
				MARKETING_VERSION = 1.0;
				PRODUCT_BUNDLE_IDENTIFIER = ru.fibeapp.Store;
				PRODUCT_NAME = "$(TARGET_NAME)";
				SWIFT_EMIT_LOC_STRINGS = YES;
				SWIFT_VERSION = 5.0;
				TARGETED_DEVICE_FAMILY = "1,2";
			};
			name = Release;
		};
/* End XCBuildConfiguration section */

/* Begin XCConfigurationList section */
		E856A1D82BFB8B3F00DD6533 /* Build configuration list for PBXProject "Store" */ = {
			isa = XCConfigurationList;
			buildConfigurations = (
				E856A1EF2BFB8B4100DD6533 /* Debug */,
				E856A1F02BFB8B4100DD6533 /* Release */,
			);
			defaultConfigurationIsVisible = 0;
			defaultConfigurationName = Release;
		};
		E856A1F12BFB8B4100DD6533 /* Build configuration list for PBXNativeTarget "Store" */ = {
			isa = XCConfigurationList;
			buildConfigurations = (
				E856A1F22BFB8B4100DD6533 /* Debug */,
				E856A1F32BFB8B4100DD6533 /* Release */,
			);
			defaultConfigurationIsVisible = 0;
			defaultConfigurationName = Release;
		};
/* End XCConfigurationList section */
	};
	rootObject = E856A1D52BFB8B3F00DD6533 /* Project object */;
}
